<?xml version="1.0" encoding="utf-8"?>
<Project xmlns="http://schemas.microsoft.com/developer/msbuild/2003">
  <ItemGroup>
    <Filter Include="Form Files">
      <UniqueIdentifier>{99349809-55BA-4b9d-BF79-8FDBB0286EB3}</UniqueIdentifier>
      <Extensions>ui</Extensions>
      <ParseFiles>false</ParseFiles>
    </Filter>
    <Filter Include="Form Files">
      <UniqueIdentifier>{99349809-55BA-4b9d-BF79-8FDBB0286EB3}</UniqueIdentifier>
      <Extensions>ui</Extensions>
      <ParseFiles>false</ParseFiles>
    </Filter>
    <Filter Include="Generated Files">
      <UniqueIdentifier>{71ED8ED8-ACB9-4CE9-BBE1-E00B30144E11}</UniqueIdentifier>
      <Extensions>cpp;c;cxx;moc;h;def;odl;idl;res;</Extensions>
    </Filter>
    <Filter Include="Generated Files">
      <UniqueIdentifier>{71ED8ED8-ACB9-4CE9-BBE1-E00B30144E11}</UniqueIdentifier>
      <Extensions>cpp;c;cxx;moc;h;def;odl;idl;res;</Extensions>
    </Filter>
    <Filter Include="Header Files">
      <UniqueIdentifier>{93995380-89BD-4b04-88EB-625FBE52EBFB}</UniqueIdentifier>
      <Extensions>h;hpp;hxx;hm;inl;inc;xsd</Extensions>
    </Filter>
    <Filter Include="Header Files">
      <UniqueIdentifier>{93995380-89BD-4b04-88EB-625FBE52EBFB}</UniqueIdentifier>
      <Extensions>h;hpp;hxx;hm;inl;inc;xsd</Extensions>
    </Filter>
    <Filter Include="Resource Files">
      <UniqueIdentifier>{D9D6E242-F8AF-46E4-B9FD-80ECBC20BA3E}</UniqueIdentifier>
      <Extensions>qrc;*</Extensions>
      <ParseFiles>false</ParseFiles>
    </Filter>
    <Filter Include="Resource Files">
      <UniqueIdentifier>{D9D6E242-F8AF-46E4-B9FD-80ECBC20BA3E}</UniqueIdentifier>
      <Extensions>qrc;*</Extensions>
      <ParseFiles>false</ParseFiles>
    </Filter>
    <Filter Include="Source Files">
      <UniqueIdentifier>{4FC737F1-C7A5-4376-A066-2A32D752A2FF}</UniqueIdentifier>
      <Extensions>cpp;c;cxx;def;odl;idl;hpj;bat;asm;asmx</Extensions>
    </Filter>
    <Filter Include="Source Files">
      <UniqueIdentifier>{4FC737F1-C7A5-4376-A066-2A32D752A2FF}</UniqueIdentifier>
      <Extensions>cpp;c;cxx;def;odl;idl;hpj;bat;asm;asmx</Extensions>
    </Filter>
  </ItemGroup>
  <ItemGroup>
    <ClCompile Include="game_model.cpp">
      <Filter>Source Files</Filter>
    </ClCompile>
    <ClCompile Include="main.cpp">
      <Filter>Source Files</Filter>
    </ClCompile>
    <ClCompile Include="main_game_window.cpp">
      <Filter>Source Files</Filter>
    </ClCompile>
  </ItemGroup>
  <ItemGroup>
    <ClInclude Include="game_model.h">
      <Filter>Header Files</Filter>
    </ClInclude>
    <QtMoc Include="main_game_window.h">
      <Filter>Header Files</Filter>
    </QtMoc>
  </ItemGroup>
  <ItemGroup>
    
    
    <CustomBuild Include="debug\moc_predefs.h.cbt">
      <Filter>Generated Files</Filter>
    </CustomBuild>
    <CustomBuild Include="release\moc_predefs.h.cbt">
      <Filter>Generated Files</Filter>
    </CustomBuild>
    
    
    <ClInclude Include="ui_main_game_window.h">
      <Filter>Generated Files</Filter>
    </ClInclude>
  </ItemGroup>
  <ItemGroup>
    <QtUic Include="main_game_window.ui">
      <Filter>Form Files</Filter>
    </QtUic>
  </ItemGroup>
  <ItemGroup>
    <None Include="res\image\1.png">
      <Filter>Resource Files</Filter>
    </None>
    <None Include="res\image\10.png">
      <Filter>Resource Files</Filter>
    </None>
    <None Include="res\image\11.png">
      <Filter>Resource Files</Filter>
    </None>
    <None Include="res\image\12.png">
      <Filter>Resource Files</Filter>
    </None>
    <None Include="res\image\13.png">
      <Filter>Resource Files</Filter>
    </None>
    <None Include="res\image\14.png">
      <Filter>Resource Files</Filter>
    </None>
    <None Include="res\image\15.png">
      <Filter>Resource Files</Filter>
    </None>
    <None Include="res\image\16.png">
      <Filter>Resource Files</Filter>
    </None>
    <None Include="res\image\17.png">
      <Filter>Resource Files</Filter>
    </None>
    <None Include="res\image\18.png">
      <Filter>Resource Files</Filter>
    </None>
    <None Include="res\image\19.png">
      <Filter>Resource Files</Filter>
    </None>
    <None Include="res\image\2.png">
      <Filter>Resource Files</Filter>
    </None>
    <None Include="res\image\20.png">
      <Filter>Resource Files</Filter>
    </None>
    <None Include="res\image\21.png">
      <Filter>Resource Files</Filter>
    </None>
    <None Include="res\image\22.png">
      <Filter>Resource Files</Filter>
    </None>
    <None Include="res\image\23.png">
      <Filter>Resource Files</Filter>
    </None>
    <None Include="res\image\24.png">
      <Filter>Resource Files</Filter>
    </None>
    <None Include="res\image\25.png">
      <Filter>Resource Files</Filter>
    </None>
    <None Include="res\image\3.png">
      <Filter>Resource Files</Filter>
    </None>
    <None Include="res\image\4.png">
      <Filter>Resource Files</Filter>
    </None>
    <None Include="res\image\5.png">
      <Filter>Resource Files</Filter>
    </None>
    <None Include="res\image\6.png">
      <Filter>Resource Files</Filter>
    </None>
    <None Include="res\image\7.png">
      <Filter>Resource Files</Filter>
    </None>
    <None Include="res\image\8.png">
      <Filter>Resource Files</Filter>
    </None>
    <None Include="res\image\9.png">
      <Filter>Resource Files</Filter>
    </None>
    <None Include="res\sound\pair.wav">
      <Filter>Resource Files</Filter>
    </None>
    <None Include="res\sound\release.wav">
      <Filter>Resource Files</Filter>
    </None>
    <QtRcc Include="res.qrc">
      <Filter>Resource Files</Filter>
    </QtRcc>
    <None Include="res\sound\select.wav">
      <Filter>Resource Files</Filter>
    </None>
  </ItemGroup>
</Project>